# This file is autogenerated, do not edit; changes may be undone by the next 'dep ensure'.


[[projects]]
  name = "github.com/op/go-logging"
  packages = ["."]
  revision = "b2cb9fa56473e98db8caba80237377e83fe44db5"
  version = "v1"

[solve-meta]
  analyzer-name = "dep"
  analyzer-version = 1
  inputs-digest = "a8d30ff8d12eead3c1fcc16ae65582fd05a775c4aee8724ff543b1206bd3462c"
  solver-name = "gps-cdcl"
  solver-version = 1
